
Microsoft Visual Studio Solution File, Format Version 12.00
# Visual Studio Version 16
VisualStudioVersion = 16.0.30523.141
MinimumVisualStudioVersion = 10.0.40219.1
Project("{9A19103F-16F7-4668-BE54-9A1E7A4F7556}") = "Gaijin.Utilities", "src\Gaijin.Utilities.csproj", "{EE153C04-1847-4C86-804E-2E0983BAF50D}"
EndProject
Global
	GlobalSection(SolutionConfigurationPlatforms) = preSolution
		Debug|Any CPU = Debug|Any CPU
		Release|Any CPU = Release|Any CPU
	EndGlobalSection
	GlobalSection(ProjectConfigurationPlatforms) = postSolution
		{EE153C04-1847-4C86-804E-2E0983BAF50D}.Debug|Any CPU.ActiveCfg = Debug|Any CPU
		{EE153C04-1847-4C86-804E-2E0983BAF50D}.Debug|Any CPU.Build.0 = Debug|Any CPU
		{EE153C04-1847-4C86-804E-2E0983BAF50D}.Release|Any CPU.ActiveCfg = Release|Any CPU
		{EE153C04-1847-4C86-804E-2E0983BAF50D}.Release|Any CPU.Build.0 = Release|Any CPU
	EndGlobalSection
	GlobalSection(SolutionProperties) = preSolution
		HideSolutionNode = FALSE
	EndGlobalSection
	GlobalSection(ExtensibilityGlobals) = postSolution
		SolutionGuid = {B304434E-32D7-45B1-9742-2A94C5B5ED10}
	EndGlobalSection
EndGlobal
